<?xml version="1.0" encoding="utf-8"?>
<Project ToolsVersion="4.0" xmlns="http://schemas.microsoft.com/developer/msbuild/2003">
  <ItemGroup>
    <ClCompile Include="src\ofApp.cpp">
      <Filter>src</Filter>
    </ClCompile>
    <ClCompile Include="src\main.cpp">
      <Filter>src</Filter>
    </ClCompile>
    <ClCompile Include="..\..\..\addons\ofxGui\src\ofxBaseGui.cpp">
      <Filter>addons\ofxGui\src</Filter>
    </ClCompile>
    <ClCompile Include="..\..\..\addons\ofxGui\src\ofxButton.cpp">
      <Filter>addons\ofxGui\src</Filter>
    </ClCompile>
    <ClCompile Include="..\..\..\addons\ofxGui\src\ofxGuiGroup.cpp">
      <Filter>addons\ofxGui\src</Filter>
    </ClCompile>
    <ClCompile Include="..\..\..\addons\ofxGui\src\ofxLabel.cpp">
      <Filter>addons\ofxGui\src</Filter>
    </ClCompile>
    <ClCompile Include="..\..\..\addons\ofxGui\src\ofxPanel.cpp">
      <Filter>addons\ofxGui\src</Filter>
    </ClCompile>
    <ClCompile Include="..\..\..\addons\ofxGui\src\ofxSlider.cpp">
      <Filter>addons\ofxGui\src</Filter>
    </ClCompile>
    <ClCompile Include="..\..\..\addons\ofxGui\src\ofxSliderGroup.cpp">
      <Filter>addons\ofxGui\src</Filter>
    </ClCompile>
    <ClCompile Include="..\..\..\addons\ofxGui\src\ofxToggle.cpp">
      <Filter>addons\ofxGui\src</Filter>
    </ClCompile>
    <ClCompile Include="src\Axes.cpp">
      <Filter>src\Affichables</Filter>
    </ClCompile>
    <ClCompile Include="src\CubeMap.cpp">
      <Filter>src\Affichables</Filter>
    </ClCompile>
    <ClCompile Include="src\modeleOBJ.cpp">
      <Filter>src\Affichables</Filter>
    </ClCompile>
    <ClCompile Include="src\Plane.cpp">
      <Filter>src\Affichables</Filter>
    </ClCompile>
    <ClCompile Include="src\camera.cpp">
      <Filter>src\Utilitaires</Filter>
    </ClCompile>
    <ClCompile Include="src\Mesh.cpp">
      <Filter>src\Utilitaires</Filter>
    </ClCompile>
    <ClCompile Include="src\MousePositionHandler.cpp">
      <Filter>src\Utilitaires</Filter>
    </ClCompile>
    <ClCompile Include="src\MusiqueSFX.cpp">
      <Filter>src\Utilitaires</Filter>
    </ClCompile>
    <ClCompile Include="src\Shader.cpp">
      <Filter>src\Utilitaires</Filter>
    </ClCompile>
    <ClCompile Include="src\Texture.cpp">
      <Filter>src\Utilitaires</Filter>
    </ClCompile>
    <ClCompile Include="src\Paysage.cpp">
      <Filter>src\Affichables</Filter>
    </ClCompile>
    <ClCompile Include="src\SurfaceCoons.cpp">
      <Filter>src\Affichables</Filter>
    </ClCompile>
    <ClCompile Include="src\Courbe.cpp">
      <Filter>src\Utilitaires</Filter>
    </ClCompile>
    <ClCompile Include="src\Lumiere.cpp">
      <Filter>src\Utilitaires</Filter>
    </ClCompile>
    <ClCompile Include="src\PrimitivesData.cpp">
      <Filter>src\Utilitaires</Filter>
    </ClCompile>
    <ClCompile Include="src\PrimitiveGeometrique.cpp">
      <Filter>src\Affichables</Filter>
    </ClCompile>
    <ClCompile Include="src\ConteneurPrimitives.cpp">
      <Filter>src\Affichables</Filter>
    </ClCompile>
    <ClCompile Include="src\Noeud.cpp">
      <Filter>src\Utilitaires</Filter>
    </ClCompile>
    <ClCompile Include="src\GraphScene.cpp">
      <Filter>src\Utilitaires</Filter>
    </ClCompile>
    <ClCompile Include="src\NoeudMesh.cpp">
      <Filter>src\Utilitaires</Filter>
    </ClCompile>
    <ClCompile Include="src\NoeudShader.cpp">
      <Filter>src\Utilitaires</Filter>
    </ClCompile>
    <ClCompile Include="src\GenerateurMesh.cpp">
      <Filter>src\Utilitaires</Filter>
    </ClCompile>
    <ClCompile Include="src\NoeudTransformation.cpp">
      <Filter>src\Utilitaires</Filter>
    </ClCompile>
    <ClCompile Include="src\NoeudMateriau.cpp">
      <Filter>src\Utilitaires</Filter>
    </ClCompile>
    <ClCompile Include="src\EditeurMesh.cpp">
      <Filter>src\Utilitaires</Filter>
    </ClCompile>
  </ItemGroup>
  <ItemGroup>
    <Filter Include="src">
      <UniqueIdentifier>{d8376475-7454-4a24-b08a-aac121d3ad6f}</UniqueIdentifier>
    </Filter>
    <Filter Include="addons">
      <UniqueIdentifier>{48e70b99-afdc-45a9-bacb-f61e48ecd2aa}</UniqueIdentifier>
    </Filter>
    <Filter Include="addons\ofxGui">
      <UniqueIdentifier>{fabf9f1a-0f05-49c8-9aff-274b7839ef21}</UniqueIdentifier>
    </Filter>
    <Filter Include="addons\ofxGui\src">
      <UniqueIdentifier>{a39202e6-13fa-438c-ab79-d4c20bb116d6}</UniqueIdentifier>
    </Filter>
    <Filter Include="src\Utilitaires">
      <UniqueIdentifier>{c42f8e62-3073-4fa8-8882-fb8ed019e5b5}</UniqueIdentifier>
    </Filter>
    <Filter Include="src\Affichables">
      <UniqueIdentifier>{f506616c-d0bf-4e3e-b263-d6b2c40f7015}</UniqueIdentifier>
    </Filter>
  </ItemGroup>
  <ItemGroup>
    <ClInclude Include="src\ofApp.h">
      <Filter>src</Filter>
    </ClInclude>
    <ClInclude Include="..\..\..\addons\ofxGui\src\ofxBaseGui.h">
      <Filter>addons\ofxGui\src</Filter>
    </ClInclude>
    <ClInclude Include="..\..\..\addons\ofxGui\src\ofxButton.h">
      <Filter>addons\ofxGui\src</Filter>
    </ClInclude>
    <ClInclude Include="..\..\..\addons\ofxGui\src\ofxGui.h">
      <Filter>addons\ofxGui\src</Filter>
    </ClInclude>
    <ClInclude Include="..\..\..\addons\ofxGui\src\ofxGuiGroup.h">
      <Filter>addons\ofxGui\src</Filter>
    </ClInclude>
    <ClInclude Include="..\..\..\addons\ofxGui\src\ofxLabel.h">
      <Filter>addons\ofxGui\src</Filter>
    </ClInclude>
    <ClInclude Include="..\..\..\addons\ofxGui\src\ofxPanel.h">
      <Filter>addons\ofxGui\src</Filter>
    </ClInclude>
    <ClInclude Include="..\..\..\addons\ofxGui\src\ofxSlider.h">
      <Filter>addons\ofxGui\src</Filter>
    </ClInclude>
    <ClInclude Include="..\..\..\addons\ofxGui\src\ofxSliderGroup.h">
      <Filter>addons\ofxGui\src</Filter>
    </ClInclude>
    <ClInclude Include="..\..\..\addons\ofxGui\src\ofxToggle.h">
      <Filter>addons\ofxGui\src</Filter>
    </ClInclude>
    <ClInclude Include="src\Axes.h">
      <Filter>src\Affichables</Filter>
    </ClInclude>
    <ClInclude Include="src\CubeMap.h">
      <Filter>src\Affichables</Filter>
    </ClInclude>
    <ClInclude Include="src\modeleOBJ.h">
      <Filter>src\Affichables</Filter>
    </ClInclude>
    <ClInclude Include="src\Plane.h">
      <Filter>src\Affichables</Filter>
    </ClInclude>
    <ClInclude Include="src\camera.h">
      <Filter>src\Utilitaires</Filter>
    </ClInclude>
    <ClInclude Include="src\Mesh.h">
      <Filter>src\Utilitaires</Filter>
    </ClInclude>
    <ClInclude Include="src\MousePositionHandler.h">
      <Filter>src\Utilitaires</Filter>
    </ClInclude>
    <ClInclude Include="src\MusiqueSFX.h">
      <Filter>src\Utilitaires</Filter>
    </ClInclude>
    <ClInclude Include="src\Shader.h">
      <Filter>src\Utilitaires</Filter>
    </ClInclude>
    <ClInclude Include="src\Texture.h">
      <Filter>src\Utilitaires</Filter>
    </ClInclude>
    <ClInclude Include="src\Paysage.h">
      <Filter>src\Affichables</Filter>
    </ClInclude>
    <ClInclude Include="src\SurfaceCoons.h">
      <Filter>src\Affichables</Filter>
    </ClInclude>
    <ClInclude Include="src\Courbe.h">
      <Filter>src\Utilitaires</Filter>
    </ClInclude>
    <ClInclude Include="src\Lumiere.h">
      <Filter>src\Utilitaires</Filter>
    </ClInclude>
    <ClInclude Include="src\PrimitivesData.h">
      <Filter>src\Utilitaires</Filter>
    </ClInclude>
    <ClInclude Include="src\PrimitiveGeometrique.h">
      <Filter>src\Affichables</Filter>
    </ClInclude>
    <ClInclude Include="src\ConteneurPrimitives.h">
      <Filter>src\Affichables</Filter>
    </ClInclude>
    <ClInclude Include="src\Noeud.h">
      <Filter>src\Utilitaires</Filter>
    </ClInclude>
    <ClInclude Include="src\GraphScene.h">
      <Filter>src\Utilitaires</Filter>
    </ClInclude>
    <ClInclude Include="src\NoeudMesh.h">
      <Filter>src\Utilitaires</Filter>
    </ClInclude>
    <ClInclude Include="src\NoeudShader.h">
      <Filter>src\Utilitaires</Filter>
    </ClInclude>
    <ClInclude Include="src\GenerateurMesh.h">
      <Filter>src\Utilitaires</Filter>
    </ClInclude>
    <ClInclude Include="src\NoeudTransformation.h">
      <Filter>src\Utilitaires</Filter>
    </ClInclude>
    <ClInclude Include="src\NoeudMateriau.h">
      <Filter>src\Utilitaires</Filter>
    </ClInclude>
    <ClInclude Include="src\EditeurMesh.h">
      <Filter>src\Utilitaires</Filter>
    </ClInclude>
  </ItemGroup>
  <ItemGroup>
    <ResourceCompile Include="icon.rc" />
  </ItemGroup>
</Project>